
Microsoft Visual Studio Solution File, Format Version 12.00
# Visual Studio Version 16
VisualStudioVersion = 16.0.30621.155
MinimumVisualStudioVersion = 10.0.40219.1
Project("{FAE04EC0-301F-11D3-BF4B-00C04F79EFBC}") = "Exercício 2", "Exercício 2\Exercício 2.csproj", "{B70CC12B-655D-44CC-B070-B0F108001BDF}"
EndProject
Global
	GlobalSection(SolutionConfigurationPlatforms) = preSolution
		Debug|Any CPU = Debug|Any CPU
		Release|Any CPU = Release|Any CPU
	EndGlobalSection
	GlobalSection(ProjectConfigurationPlatforms) = postSolution
		{B70CC12B-655D-44CC-B070-B0F108001BDF}.Debug|Any CPU.ActiveCfg = Debug|Any CPU
		{B70CC12B-655D-44CC-B070-B0F108001BDF}.Debug|Any CPU.Build.0 = Debug|Any CPU
		{B70CC12B-655D-44CC-B070-B0F108001BDF}.Release|Any CPU.ActiveCfg = Release|Any CPU
		{B70CC12B-655D-44CC-B070-B0F108001BDF}.Release|Any CPU.Build.0 = Release|Any CPU
	EndGlobalSection
	GlobalSection(SolutionProperties) = preSolution
		HideSolutionNode = FALSE
	EndGlobalSection
	GlobalSection(ExtensibilityGlobals) = postSolution
		SolutionGuid = {7E4FD6D5-B590-4E40-B247-A36308F4601A}
	EndGlobalSection
EndGlobal
